
Microsoft Visual Studio Solution File, Format Version 12.00
# Visual Studio Version 17
VisualStudioVersion = 17.13.35919.96 d17.13
MinimumVisualStudioVersion = 10.0.40219.1
Project("{FAE04EC0-301F-11D3-BF4B-00C04F79EFBC}") = "Sports-Exercise-Battle", "Sports-Exercise-Battle\Sports-Exercise-Battle.csproj", "{4128AF3E-B9EF-4CE3-86D0-2A91CA6294F5}"
EndProject
Global
	GlobalSection(SolutionConfigurationPlatforms) = preSolution
		Debug|Any CPU = Debug|Any CPU
		Release|Any CPU = Release|Any CPU
	EndGlobalSection
	GlobalSection(ProjectConfigurationPlatforms) = postSolution
		{4128AF3E-B9EF-4CE3-86D0-2A91CA6294F5}.Debug|Any CPU.ActiveCfg = Debug|Any CPU
		{4128AF3E-B9EF-4CE3-86D0-2A91CA6294F5}.Debug|Any CPU.Build.0 = Debug|Any CPU
		{4128AF3E-B9EF-4CE3-86D0-2A91CA6294F5}.Release|Any CPU.ActiveCfg = Release|Any CPU
		{4128AF3E-B9EF-4CE3-86D0-2A91CA6294F5}.Release|Any CPU.Build.0 = Release|Any CPU
	EndGlobalSection
	GlobalSection(SolutionProperties) = preSolution
		HideSolutionNode = FALSE
	EndGlobalSection
	GlobalSection(ExtensibilityGlobals) = postSolution
		SolutionGuid = {A7C780CC-4B8A-4979-8AC6-CFBA5862D218}
	EndGlobalSection
EndGlobal
